Microsoft Visual Studio Solution File, Format Version 11.00
# Visual Studio 2008

Project("{00EC548F-1217-2C93-5544-DA63B6CE5AE7}") = "HangMan", "Assembly-CSharp.csproj", "{95BABEC5-8252-3830-04A6-8330BA1589CC}"
EndProject
Global
	GlobalSection(SolutionConfigurationPlatforms) = preSolution
		Debug|Any CPU = Debug|Any CPU
		Release|Any CPU = Release|Any CPU
	EndGlobalSection
	GlobalSection(ProjectConfigurationPlatforms) = postSolution
		{95BABEC5-8252-3830-04A6-8330BA1589CC}.Debug|Any CPU.ActiveCfg = Debug|Any CPU
		{95BABEC5-8252-3830-04A6-8330BA1589CC}.Debug|Any CPU.Build.0 = Debug|Any CPU
		{95BABEC5-8252-3830-04A6-8330BA1589CC}.Release|Any CPU.ActiveCfg = Release|Any CPU
		{95BABEC5-8252-3830-04A6-8330BA1589CC}.Release|Any CPU.Build.0 = Release|Any CPU
	EndGlobalSection
	GlobalSection(SolutionProperties) = preSolution
		HideSolutionNode = FALSE
	EndGlobalSection
	GlobalSection(MonoDevelopProperties) = preSolution
		StartupItem = Assembly-CSharp.csproj
	EndGlobalSection
EndGlobal
